
Microsoft Visual Studio Solution File, Format Version 12.00
# Visual Studio Version 17
VisualStudioVersion = 17.9.34518.117
MinimumVisualStudioVersion = 10.0.40219.1
Project("{FAE04EC0-301F-11D3-BF4B-00C04F79EFBC}") = "HospitalOPD", "HospitalOPD.csproj", "{B98D8FBA-6AE6-4A3C-90D9-45F335B738AF}"
EndProject
Global
	GlobalSection(SolutionConfigurationPlatforms) = preSolution
		Debug|Any CPU = Debug|Any CPU
		Release|Any CPU = Release|Any CPU
	EndGlobalSection
	GlobalSection(ProjectConfigurationPlatforms) = postSolution
		{B98D8FBA-6AE6-4A3C-90D9-45F335B738AF}.Debug|Any CPU.ActiveCfg = Debug|Any CPU
		{B98D8FBA-6AE6-4A3C-90D9-45F335B738AF}.Debug|Any CPU.Build.0 = Debug|Any CPU
		{B98D8FBA-6AE6-4A3C-90D9-45F335B738AF}.Release|Any CPU.ActiveCfg = Release|Any CPU
		{B98D8FBA-6AE6-4A3C-90D9-45F335B738AF}.Release|Any CPU.Build.0 = Release|Any CPU
	EndGlobalSection
	GlobalSection(SolutionProperties) = preSolution
		HideSolutionNode = FALSE
	EndGlobalSection
	GlobalSection(ExtensibilityGlobals) = postSolution
		SolutionGuid = {87429B0A-395A-4AA8-A69F-BB2F3AA63A03}
	EndGlobalSection
EndGlobal
