
Microsoft Visual Studio Solution File, Format Version 12.00
# Visual Studio Version 17
VisualStudioVersion = 17.8.34525.116
MinimumVisualStudioVersion = 10.0.40219.1
Project("{FAE04EC0-301F-11D3-BF4B-00C04F79EFBC}") = "WindowsFormsApp7", "WindowsFormsApp7\WindowsFormsApp7.csproj", "{49D1A53C-D36E-4868-8DAA-3706AAEED056}"
EndProject
Global
	GlobalSection(SolutionConfigurationPlatforms) = preSolution
		Debug|Any CPU = Debug|Any CPU
		Release|Any CPU = Release|Any CPU
	EndGlobalSection
	GlobalSection(ProjectConfigurationPlatforms) = postSolution
		{49D1A53C-D36E-4868-8DAA-3706AAEED056}.Debug|Any CPU.ActiveCfg = Debug|Any CPU
		{49D1A53C-D36E-4868-8DAA-3706AAEED056}.Debug|Any CPU.Build.0 = Debug|Any CPU
		{49D1A53C-D36E-4868-8DAA-3706AAEED056}.Release|Any CPU.ActiveCfg = Release|Any CPU
		{49D1A53C-D36E-4868-8DAA-3706AAEED056}.Release|Any CPU.Build.0 = Release|Any CPU
	EndGlobalSection
	GlobalSection(SolutionProperties) = preSolution
		HideSolutionNode = FALSE
	EndGlobalSection
	GlobalSection(ExtensibilityGlobals) = postSolution
		SolutionGuid = {06C41328-42F6-495F-BE74-878DABC1E2F5}
	EndGlobalSection
EndGlobal
