
Microsoft Visual Studio Solution File, Format Version 12.00
# Visual Studio Version 17
VisualStudioVersion = 17.9.34518.117
MinimumVisualStudioVersion = 10.0.40219.1
Project("{FAE04EC0-301F-11D3-BF4B-00C04F79EFBC}") = "PersonalA", "PersonalA.csproj", "{5F61203F-51C4-4F18-B7F3-FFB054787E03}"
EndProject
Global
	GlobalSection(SolutionConfigurationPlatforms) = preSolution
		Debug|Any CPU = Debug|Any CPU
		Release|Any CPU = Release|Any CPU
	EndGlobalSection
	GlobalSection(ProjectConfigurationPlatforms) = postSolution
		{5F61203F-51C4-4F18-B7F3-FFB054787E03}.Debug|Any CPU.ActiveCfg = Debug|Any CPU
		{5F61203F-51C4-4F18-B7F3-FFB054787E03}.Debug|Any CPU.Build.0 = Debug|Any CPU
		{5F61203F-51C4-4F18-B7F3-FFB054787E03}.Release|Any CPU.ActiveCfg = Release|Any CPU
		{5F61203F-51C4-4F18-B7F3-FFB054787E03}.Release|Any CPU.Build.0 = Release|Any CPU
	EndGlobalSection
	GlobalSection(SolutionProperties) = preSolution
		HideSolutionNode = FALSE
	EndGlobalSection
	GlobalSection(ExtensibilityGlobals) = postSolution
		SolutionGuid = {B699B0BC-C1B4-413F-8F91-21C9AC7A2E49}
	EndGlobalSection
EndGlobal
