
Microsoft Visual Studio Solution File, Format Version 12.00
# Visual Studio Version 17
VisualStudioVersion = 17.8.34525.116
MinimumVisualStudioVersion = 10.0.40219.1
Project("{FAE04EC0-301F-11D3-BF4B-00C04F79EFBC}") = "WindowsFormsApp6", "WindowsFormsApp6\WindowsFormsApp6.csproj", "{4BD6BDBE-2D0A-4C71-B09A-7D2213FFF726}"
EndProject
Global
	GlobalSection(SolutionConfigurationPlatforms) = preSolution
		Debug|Any CPU = Debug|Any CPU
		Release|Any CPU = Release|Any CPU
	EndGlobalSection
	GlobalSection(ProjectConfigurationPlatforms) = postSolution
		{4BD6BDBE-2D0A-4C71-B09A-7D2213FFF726}.Debug|Any CPU.ActiveCfg = Debug|Any CPU
		{4BD6BDBE-2D0A-4C71-B09A-7D2213FFF726}.Debug|Any CPU.Build.0 = Debug|Any CPU
		{4BD6BDBE-2D0A-4C71-B09A-7D2213FFF726}.Release|Any CPU.ActiveCfg = Release|Any CPU
		{4BD6BDBE-2D0A-4C71-B09A-7D2213FFF726}.Release|Any CPU.Build.0 = Release|Any CPU
	EndGlobalSection
	GlobalSection(SolutionProperties) = preSolution
		HideSolutionNode = FALSE
	EndGlobalSection
	GlobalSection(ExtensibilityGlobals) = postSolution
		SolutionGuid = {407AB71C-80B7-4EAC-B472-00CFAB2F0284}
	EndGlobalSection
EndGlobal
